
Microsoft Visual Studio Solution File, Format Version 12.00
# Visual Studio 15
VisualStudioVersion = 15.0.28307.329
MinimumVisualStudioVersion = 10.0.40219.1
Project("{FAE04EC0-301F-11D3-BF4B-00C04F79EFBC}") = "lab3t1", "lab3t1\lab3t1.csproj", "{C7092137-90E1-46D3-8959-609F4061390A}"
EndProject
Global
	GlobalSection(SolutionConfigurationPlatforms) = preSolution
		Debug|Any CPU = Debug|Any CPU
		Release|Any CPU = Release|Any CPU
	EndGlobalSection
	GlobalSection(ProjectConfigurationPlatforms) = postSolution
		{C7092137-90E1-46D3-8959-609F4061390A}.Debug|Any CPU.ActiveCfg = Debug|Any CPU
		{C7092137-90E1-46D3-8959-609F4061390A}.Debug|Any CPU.Build.0 = Debug|Any CPU
		{C7092137-90E1-46D3-8959-609F4061390A}.Release|Any CPU.ActiveCfg = Release|Any CPU
		{C7092137-90E1-46D3-8959-609F4061390A}.Release|Any CPU.Build.0 = Release|Any CPU
	EndGlobalSection
	GlobalSection(SolutionProperties) = preSolution
		HideSolutionNode = FALSE
	EndGlobalSection
	GlobalSection(ExtensibilityGlobals) = postSolution
		SolutionGuid = {0A536D0E-E2DB-4180-8A1D-1C7AED14C1F7}
	EndGlobalSection
EndGlobal
